{
  "name": "cesium-test",
  "version": "0.0.0",
  "lockfileVersion": 3,
  "requires": true,
  "packages": {
    "": {
      "name": "cesium-test",
      "version": "0.0.0",
      "dependencies": {
        "cesium": "^1.134.1",
        "element-plus": "^2.11.5",
        "lodash-es": "^4.17.21",
        "scss": "^0.2.4",
        "uuid": "^13.0.0",
        "vue": "^3.5.22"
      },
      "devDependencies": {
        "@types/lodash-es": "^4.17.12",
        "@types/node": "^24.6.0",
        "@vitejs/plugin-vue": "^6.0.1",
        "@vue/tsconfig": "^0.8.1",
        "typescript": "~5.9.3",
        "unplugin-auto-import": "^20.2.0",
        "unplugin-vue-components": "^30.0.0",
        "vite": "npm:rolldown-vite@7.1.14",
        "vite-plugin-static-copy": "^3.1.4",
        "vue-tsc": "^3.1.0"
      }
    },
    "../../../node_modules/.pnpm/@types+node@24.9.1/node_modules/@types/node": {
      "version": "24.9.1",
      "dev": true,
      "license": "MIT",
      "dependencies": {
        "undici-types": "~7.16.0"
      }
    },
    "../../../node_modules/.pnpm/@vitejs+plugin-vue@6.0.1_ro_82956baa83e8849632e30807af692c63/node_modules/@vitejs/plugin-vue": {
      "version": "6.0.1",
      "dev": true,
      "license": "MIT",
      "dependencies": {
        "@rolldown/pluginutils": "1.0.0-beta.29"
      },
      "devDependencies": {
        "@jridgewell/gen-mapping": "^0.3.12",
        "@jridgewell/trace-mapping": "^0.3.29",
        "debug": "^4.4.1",
        "rollup": "^4.45.1",
        "slash": "^5.1.0",
        "source-map-js": "^1.2.1",
        "tsdown": "^0.13.0",
        "vite": "^7.0.5",
        "vue": "^3.5.18"
      },
      "engines": {
        "node": "^20.19.0 || >=22.12.0"
      },
      "peerDependencies": {
        "vite": "^5.0.0 || ^6.0.0 || ^7.0.0",
        "vue": "^3.2.25"
      }
    },
    "../../../node_modules/.pnpm/@vue+tsconfig@0.8.1_typescr_44c3eb50bae1082d2535d677c0c782b4/node_modules/@vue/tsconfig": {
      "version": "0.8.1",
      "dev": true,
      "license": "MIT",
      "peerDependencies": {
        "typescript": "5.x",
        "vue": "^3.4.0"
      },
      "peerDependenciesMeta": {
        "typescript": {
          "optional": true
        },
        "vue": {
          "optional": true
        }
      }
    },
    "../../../node_modules/.pnpm/cesium@1.134.1/node_modules/cesium": {
      "version": "1.134.1",
      "license": "Apache-2.0",
      "workspaces": [
        "packages/engine",
        "packages/widgets",
        "packages/sandcastle"
      ],
      "dependencies": {
        "@cesium/engine": "^21.0.1",
        "@cesium/widgets": "^13.2.1"
      },
      "devDependencies": {
        "@cesium/eslint-config": "^12.0.0",
        "@playwright/test": "^1.41.1",
        "chokidar": "^4.0.1",
        "cloc": "^2.6.0-cloc",
        "compression": "^1.7.4",
        "esbuild": "^0.25.8",
        "eslint": "^9.32.0",
        "eslint-plugin-html": "^8.1.1",
        "eslint-plugin-react-hooks": "^5.2.0",
        "eslint-plugin-react-refresh": "^0.4.19",
        "express": "^5.1.0",
        "globals": "^16.0.0",
        "globby": "^14.0.0",
        "glsl-strip-comments": "^1.0.0",
        "gulp": "^5.0.0",
        "gulp-clean-css": "^4.3.0",
        "gulp-insert": "^0.5.0",
        "gulp-rename": "^2.0.0",
        "gulp-replace": "^1.1.3",
        "gulp-tap": "^2.0.0",
        "gulp-zip": "^6.0.0",
        "husky": "^9.0.7",
        "istanbul-lib-instrument": "^6.0.0",
        "jasmine-core": "^5.9.0",
        "jsdoc": "^3.6.7",
        "karma": "^6.3.20",
        "karma-chrome-launcher": "^3.1.0",
        "karma-coverage": "^2.0.3",
        "karma-detect-browsers": "^2.3.3",
        "karma-edge-launcher": "^0.4.2",
        "karma-firefox-launcher": "^2.1.1",
        "karma-ie-launcher": "^1.0.0",
        "karma-jasmine": "^5.1.0",
        "karma-longest-reporter": "^1.1.0",
        "karma-safari-launcher": "^1.0.0",
        "karma-sourcemap-loader": "^0.4.0",
        "karma-spec-reporter": "^0.0.36",
        "markdownlint-cli": "^0.45.0",
        "merge-stream": "^2.0.0",
        "mkdirp": "^3.0.1",
        "node-fetch": "^3.2.10",
        "open": "^10.0.2",
        "prettier": "3.6.2",
        "prismjs": "^1.28.0",
        "rimraf": "^6.0.1",
        "tsd-jsdoc": "^2.5.0",
        "typescript": "~5.8.3",
        "typescript-eslint": "^8.30.1",
        "yargs": "^18.0.0"
      },
      "engines": {
        "node": ">=20.19.0"
      }
    },
    "../../../node_modules/.pnpm/element-plus@2.11.5_vue@3.5.22_typescript@5.9.3_/node_modules/element-plus": {
      "version": "2.11.5",
      "license": "MIT",
      "dependencies": {
        "@ctrl/tinycolor": "^3.4.1",
        "@element-plus/icons-vue": "^2.3.2",
        "@floating-ui/dom": "^1.0.1",
        "@popperjs/core": "npm:@sxzz/popperjs-es@^2.11.7",
        "@types/lodash": "^4.17.20",
        "@types/lodash-es": "^4.17.12",
        "@vueuse/core": "^9.1.0",
        "async-validator": "^4.2.5",
        "dayjs": "^1.11.18",
        "lodash": "^4.17.21",
        "lodash-es": "^4.17.21",
        "lodash-unified": "^1.0.3",
        "memoize-one": "^6.0.0",
        "normalize-wheel-es": "^1.2.0"
      },
      "devDependencies": {
        "@types/node": "*",
        "csstype": "^2.6.20",
        "vue": "^3.2.37",
        "vue-router": "^4.0.16"
      },
      "peerDependencies": {
        "vue": "^3.2.0"
      }
    },
    "../../../node_modules/.pnpm/lodash-es@4.17.21/node_modules/lodash-es": {
      "version": "4.17.21",
      "license": "MIT"
    },
    "../../../node_modules/.pnpm/rolldown-vite@7.1.14_@types+node@24.9.1_esbuild@0.25.11/node_modules/rolldown-vite": {
      "version": "7.1.14",
      "dev": true,
      "license": "MIT",
      "dependencies": {
        "@oxc-project/runtime": "0.92.0",
        "fdir": "^6.5.0",
        "lightningcss": "^1.30.1",
        "picomatch": "^4.0.3",
        "postcss": "^8.5.6",
        "rolldown": "1.0.0-beta.41",
        "tinyglobby": "^0.2.15"
      },
      "bin": {
        "vite": "bin/vite.js"
      },
      "devDependencies": {
        "@babel/parser": "^7.28.4",
        "@jridgewell/remapping": "^2.3.5",
        "@jridgewell/trace-mapping": "^0.3.31",
        "@oxc-project/types": "0.93.0",
        "@polka/compression": "^1.0.0-next.25",
        "@rolldown/pluginutils": "^1.0.0-beta.41",
        "@rollup/plugin-alias": "^5.1.1",
        "@rollup/plugin-commonjs": "^28.0.6",
        "@rollup/plugin-dynamic-import-vars": "2.1.4",
        "@rollup/pluginutils": "^5.3.0",
        "@types/escape-html": "^1.0.4",
        "@types/pnpapi": "^0.0.5",
        "artichokie": "^0.4.0",
        "baseline-browser-mapping": "^2.8.6",
        "cac": "^6.7.14",
        "chokidar": "^3.6.0",
        "connect": "^3.7.0",
        "convert-source-map": "^2.0.0",
        "cors": "^2.8.5",
        "cross-spawn": "^7.0.6",
        "debug": "^4.4.3",
        "dep-types": "link:./src/types",
        "dotenv": "^17.2.2",
        "dotenv-expand": "^12.0.3",
        "es-module-lexer": "^1.7.0",
        "esbuild": "^0.25.0",
        "escape-html": "^1.0.3",
        "estree-walker": "^3.0.3",
        "etag": "^1.8.1",
        "host-validation-middleware": "^0.1.1",
        "http-proxy-3": "^1.21.0",
        "launch-editor-middleware": "^2.11.1",
        "magic-string": "^0.30.19",
        "mlly": "^1.8.0",
        "mrmime": "^2.0.1",
        "nanoid": "^5.1.5",
        "open": "^10.2.0",
        "parse5": "^8.0.0",
        "pathe": "^2.0.3",
        "periscopic": "^4.0.2",
        "picocolors": "^1.1.1",
        "postcss-import": "^16.1.1",
        "postcss-load-config": "^6.0.1",
        "postcss-modules": "^6.0.1",
        "premove": "^4.0.0",
        "resolve.exports": "^2.0.3",
        "rolldown-plugin-dts": "^0.16.8",
        "rollup": "^4.43.0",
        "rollup-plugin-license": "^3.6.0",
        "sass": "^1.93.0",
        "sass-embedded": "^1.93.0",
        "sirv": "^3.0.2",
        "strip-literal": "^3.0.0",
        "terser": "^5.44.0",
        "tsconfck": "^3.1.6",
        "types": "link:./types",
        "ufo": "^1.6.1",
        "ws": "^8.18.3"
      },
      "engines": {
        "node": "^20.19.0 || >=22.12.0"
      },
      "funding": {
        "url": "https://github.com/vitejs/vite?sponsor=1"
      },
      "optionalDependencies": {
        "fsevents": "~2.3.3"
      },
      "peerDependencies": {
        "@types/node": "^20.19.0 || >=22.12.0",
        "esbuild": "^0.25.0",
        "jiti": ">=1.21.0",
        "less": "^4.0.0",
        "sass": "^1.70.0",
        "sass-embedded": "^1.70.0",
        "stylus": ">=0.54.8",
        "sugarss": "^5.0.0",
        "terser": "^5.16.0",
        "tsx": "^4.8.1",
        "yaml": "^2.4.2"
      },
      "peerDependenciesMeta": {
        "@types/node": {
          "optional": true
        },
        "esbuild": {
          "optional": true
        },
        "jiti": {
          "optional": true
        },
        "less": {
          "optional": true
        },
        "sass": {
          "optional": true
        },
        "sass-embedded": {
          "optional": true
        },
        "stylus": {
          "optional": true
        },
        "sugarss": {
          "optional": true
        },
        "terser": {
          "optional": true
        },
        "tsx": {
          "optional": true
        },
        "yaml": {
          "optional": true
        }
      }
    },
    "../../../node_modules/.pnpm/scss@0.2.4/node_modules/scss": {
      "version": "0.2.4",
      "dependencies": {
        "ometa": "0.2.2"
      },
      "engines": {
        "node": ">= 0.2.0"
      }
    },
    "../../../node_modules/.pnpm/typescript@5.9.3/node_modules/typescript": {
      "version": "5.9.3",
      "dev": true,
      "license": "Apache-2.0",
      "bin": {
        "tsc": "bin/tsc",
        "tsserver": "bin/tsserver"
      },
      "devDependencies": {
        "@dprint/formatter": "^0.4.1",
        "@dprint/typescript": "0.93.4",
        "@esfx/canceltoken": "^1.0.0",
        "@eslint/js": "^9.20.0",
        "@octokit/rest": "^21.1.1",
        "@types/chai": "^4.3.20",
        "@types/diff": "^7.0.1",
        "@types/minimist": "^1.2.5",
        "@types/mocha": "^10.0.10",
        "@types/ms": "^0.7.34",
        "@types/node": "latest",
        "@types/source-map-support": "^0.5.10",
        "@types/which": "^3.0.4",
        "@typescript-eslint/rule-tester": "^8.24.1",
        "@typescript-eslint/type-utils": "^8.24.1",
        "@typescript-eslint/utils": "^8.24.1",
        "azure-devops-node-api": "^14.1.0",
        "c8": "^10.1.3",
        "chai": "^4.5.0",
        "chokidar": "^4.0.3",
        "diff": "^7.0.0",
        "dprint": "^0.49.0",
        "esbuild": "^0.25.0",
        "eslint": "^9.20.1",
        "eslint-formatter-autolinkable-stylish": "^1.4.0",
        "eslint-plugin-regexp": "^2.7.0",
        "fast-xml-parser": "^4.5.2",
        "glob": "^10.4.5",
        "globals": "^15.15.0",
        "hereby": "^1.10.0",
        "jsonc-parser": "^3.3.1",
        "knip": "^5.44.4",
        "minimist": "^1.2.8",
        "mocha": "^10.8.2",
        "mocha-fivemat-progress-reporter": "^0.1.0",
        "monocart-coverage-reports": "^2.12.1",
        "ms": "^2.1.3",
        "picocolors": "^1.1.1",
        "playwright": "^1.50.1",
        "source-map-support": "^0.5.21",
        "tslib": "^2.8.1",
        "typescript": "^5.7.3",
        "typescript-eslint": "^8.24.1",
        "which": "^3.0.1"
      },
      "engines": {
        "node": ">=14.17"
      }
    },
    "../../../node_modules/.pnpm/unplugin-auto-import@20.2.0_0f102cf2742863b3bc025ef426b0ebb4/node_modules/unplugin-auto-import": {
      "version": "20.2.0",
      "dev": true,
      "license": "MIT",
      "dependencies": {
        "local-pkg": "^1.1.2",
        "magic-string": "^0.30.19",
        "picomatch": "^4.0.3",
        "unimport": "^5.4.0",
        "unplugin": "^2.3.10",
        "unplugin-utils": "^0.3.0"
      },
      "devDependencies": {
        "@antfu/eslint-config": "^5.4.1",
        "@antfu/ni": "^26.0.1",
        "@antfu/utils": "^9.2.1",
        "@nuxt/kit": "^4.1.2",
        "@nuxt/schema": "^4.1.2",
        "@svgr/plugin-jsx": "^8.1.0",
        "@types/node": "^24.5.2",
        "@types/picomatch": "^4.0.2",
        "@types/resolve": "^1.20.6",
        "@vueuse/metadata": "^13.9.0",
        "bumpp": "^10.2.3",
        "eslint": "^9.36.0",
        "fast-glob": "^3.3.3",
        "publint": "^0.3.13",
        "rolldown": "^1.0.0-beta.39",
        "rollup": "^4.52.2",
        "tsdown": "^0.14.2",
        "tsx": "^4.20.5",
        "typescript": "~5.9.2",
        "vite": "^7.1.7",
        "vitest": "^3.2.4",
        "webpack": "^5.101.3"
      },
      "engines": {
        "node": ">=14"
      },
      "funding": {
        "url": "https://github.com/sponsors/antfu"
      },
      "peerDependencies": {
        "@nuxt/kit": "^4.0.0",
        "@vueuse/core": "*"
      },
      "peerDependenciesMeta": {
        "@nuxt/kit": {
          "optional": true
        },
        "@vueuse/core": {
          "optional": true
        }
      }
    },
    "../../../node_modules/.pnpm/unplugin-vue-components@30._e14e29ee86ce897ba0d8c3049cd5d1f3/node_modules/unplugin-vue-components": {
      "version": "30.0.0",
      "dev": true,
      "license": "MIT",
      "dependencies": {
        "chokidar": "^4.0.3",
        "debug": "^4.4.3",
        "local-pkg": "^1.1.2",
        "magic-string": "^0.30.19",
        "mlly": "^1.8.0",
        "tinyglobby": "^0.2.15",
        "unplugin": "^2.3.10",
        "unplugin-utils": "^0.3.1"
      },
      "devDependencies": {
        "@antfu/eslint-config": "^6.0.0",
        "@antfu/utils": "^9.3.0",
        "@babel/parser": "^7.28.4",
        "@babel/types": "^7.28.4",
        "@nuxt/kit": "^4.1.3",
        "@nuxt/schema": "^4.1.3",
        "@types/debug": "^4.1.12",
        "@types/node": "^24.8.1",
        "bumpp": "^10.3.1",
        "compare-versions": "^6.1.1",
        "element-plus": "^2.11.5",
        "eslint": "^9.38.0",
        "eslint-plugin-format": "^1.0.2",
        "esno": "^4.8.0",
        "estree-walker": "^3.0.3",
        "minimatch": "^10.0.3",
        "pathe": "^2.0.3",
        "rolldown": "^1.0.0-beta.43",
        "rollup": "^4.52.5",
        "tsdown": "^0.15.8",
        "typescript": "^5.9.3",
        "vite": "^7.1.10",
        "vitest": "^3.2.4",
        "vue": "3.2.45",
        "vue-tsc": "^3.1.1"
      },
      "engines": {
        "node": ">=14"
      },
      "funding": {
        "url": "https://github.com/sponsors/antfu"
      },
      "peerDependencies": {
        "@babel/parser": "^7.15.8",
        "@nuxt/kit": "^3.2.2 || ^4.0.0",
        "vue": "2 || 3"
      },
      "peerDependenciesMeta": {
        "@babel/parser": {
          "optional": true
        },
        "@nuxt/kit": {
          "optional": true
        }
      }
    },
    "../../../node_modules/.pnpm/uuid@13.0.0/node_modules/uuid": {
      "version": "13.0.0",
      "funding": [
        "https://github.com/sponsors/broofa",
        "https://github.com/sponsors/ctavan"
      ],
      "license": "MIT",
      "bin": {
        "uuid": "dist-node/bin/uuid"
      },
      "devDependencies": {
        "@babel/eslint-parser": "7.27.1",
        "@commitlint/cli": "19.8.0",
        "@commitlint/config-conventional": "19.8.0",
        "@eslint/js": "9.26.0",
        "bundlewatch": "0.4.1",
        "commander": "13.1.0",
        "eslint": "9.26.0",
        "eslint-config-prettier": "10.1.2",
        "eslint-plugin-prettier": "5.4.0",
        "globals": "16.0.0",
        "husky": "9.1.7",
        "jest": "29.7.0",
        "lint-staged": "15.5.2",
        "neostandard": "0.12.1",
        "npm-run-all": "4.1.5",
        "prettier": "3.5.3",
        "release-please": "17.0.0",
        "runmd": "1.4.1",
        "standard-version": "9.5.0",
        "typescript": "5.2.2",
        "typescript-eslint": "8.32.0"
      }
    },
    "../../../node_modules/.pnpm/vite-plugin-static-copy@3.1_d04741ea33e667cc012e3fcaf6e1968b/node_modules/vite-plugin-static-copy": {
      "version": "3.1.4",
      "dev": true,
      "license": "MIT",
      "dependencies": {
        "chokidar": "^3.6.0",
        "p-map": "^7.0.3",
        "picocolors": "^1.1.1",
        "tinyglobby": "^0.2.15"
      },
      "devDependencies": {
        "@changesets/changelog-github": "^0.5.1",
        "@changesets/cli": "^2.29.7",
        "@eslint/js": "^9.36.0",
        "@polka/url": "^1.0.0-next.29",
        "@types/eslint-config-prettier": "^6.11.3",
        "@types/node": "^22.18.8",
        "@types/throttle-debounce": "^5.0.2",
        "@vitest/eslint-plugin": "^1.3.13",
        "eslint": "^9.36.0",
        "eslint-config-prettier": "^10.1.8",
        "mrmime": "^2.0.1",
        "prettier": "^3.6.2",
        "throttle-debounce": "^5.0.2",
        "tsdown": "^0.15.6",
        "typescript": "^5.9.3",
        "typescript-eslint": "^8.45.0",
        "vite": "^7.1.7",
        "vitest": "^3.2.4"
      },
      "engines": {
        "node": "^18.0.0 || >=20.0.0"
      },
      "peerDependencies": {
        "vite": "^5.0.0 || ^6.0.0 || ^7.0.0"
      }
    },
    "../../../node_modules/.pnpm/vue-tsc@3.1.1_typescript@5.9.3/node_modules/vue-tsc": {
      "version": "3.1.1",
      "dev": true,
      "license": "MIT",
      "dependencies": {
        "@volar/typescript": "2.4.23",
        "@vue/language-core": "3.1.1"
      },
      "bin": {
        "vue-tsc": "bin/vue-tsc.js"
      },
      "devDependencies": {
        "@types/node": "^22.10.4"
      },
      "peerDependencies": {
        "typescript": ">=5.0.0"
      }
    },
    "../../../node_modules/.pnpm/vue@3.5.22_typescript@5.9.3/node_modules/vue": {
      "version": "3.5.22",
      "license": "MIT",
      "dependencies": {
        "@vue/compiler-dom": "3.5.22",
        "@vue/compiler-sfc": "3.5.22",
        "@vue/runtime-dom": "3.5.22",
        "@vue/server-renderer": "3.5.22",
        "@vue/shared": "3.5.22"
      },
      "peerDependencies": {
        "typescript": "*"
      },
      "peerDependenciesMeta": {
        "typescript": {
          "optional": true
        }
      }
    },
    "node_modules/@types/lodash": {
      "version": "4.17.20",
      "resolved": "https://registry.npmmirror.com/@types/lodash/-/lodash-4.17.20.tgz",
      "integrity": "sha512-H3MHACvFUEiujabxhaI/ImO6gUrd8oOurg7LQtS7mbwIXA/cUqWrvBsaeJ23aZEPk1TAYkurjfMbSELfoCXlGA==",
      "dev": true,
      "license": "MIT"
    },
    "node_modules/@types/lodash-es": {
      "version": "4.17.12",
      "resolved": "https://registry.npmmirror.com/@types/lodash-es/-/lodash-es-4.17.12.tgz",
      "integrity": "sha512-0NgftHUcV4v34VhXm8QBSftKVXtbkBG3ViCjs6+eJ5a6y6Mi/jiFGPc1sC7QK+9BFhWrURE3EOggmWaSxL9OzQ==",
      "dev": true,
      "license": "MIT",
      "dependencies": {
        "@types/lodash": "*"
      }
    },
    "node_modules/@types/node": {
      "resolved": "../../../node_modules/.pnpm/@types+node@24.9.1/node_modules/@types/node",
      "link": true
    },
    "node_modules/@vitejs/plugin-vue": {
      "resolved": "../../../node_modules/.pnpm/@vitejs+plugin-vue@6.0.1_ro_82956baa83e8849632e30807af692c63/node_modules/@vitejs/plugin-vue",
      "link": true
    },
    "node_modules/@vue/tsconfig": {
      "resolved": "../../../node_modules/.pnpm/@vue+tsconfig@0.8.1_typescr_44c3eb50bae1082d2535d677c0c782b4/node_modules/@vue/tsconfig",
      "link": true
    },
    "node_modules/cesium": {
      "resolved": "../../../node_modules/.pnpm/cesium@1.134.1/node_modules/cesium",
      "link": true
    },
    "node_modules/element-plus": {
      "resolved": "../../../node_modules/.pnpm/element-plus@2.11.5_vue@3.5.22_typescript@5.9.3_/node_modules/element-plus",
      "link": true
    },
    "node_modules/lodash-es": {
      "resolved": "../../../node_modules/.pnpm/lodash-es@4.17.21/node_modules/lodash-es",
      "link": true
    },
    "node_modules/scss": {
      "resolved": "../../../node_modules/.pnpm/scss@0.2.4/node_modules/scss",
      "link": true
    },
    "node_modules/typescript": {
      "resolved": "../../../node_modules/.pnpm/typescript@5.9.3/node_modules/typescript",
      "link": true
    },
    "node_modules/unplugin-auto-import": {
      "resolved": "../../../node_modules/.pnpm/unplugin-auto-import@20.2.0_0f102cf2742863b3bc025ef426b0ebb4/node_modules/unplugin-auto-import",
      "link": true
    },
    "node_modules/unplugin-vue-components": {
      "resolved": "../../../node_modules/.pnpm/unplugin-vue-components@30._e14e29ee86ce897ba0d8c3049cd5d1f3/node_modules/unplugin-vue-components",
      "link": true
    },
    "node_modules/uuid": {
      "resolved": "../../../node_modules/.pnpm/uuid@13.0.0/node_modules/uuid",
      "link": true
    },
    "node_modules/vite": {
      "resolved": "../../../node_modules/.pnpm/rolldown-vite@7.1.14_@types+node@24.9.1_esbuild@0.25.11/node_modules/rolldown-vite",
      "link": true
    },
    "node_modules/vite-plugin-static-copy": {
      "resolved": "../../../node_modules/.pnpm/vite-plugin-static-copy@3.1_d04741ea33e667cc012e3fcaf6e1968b/node_modules/vite-plugin-static-copy",
      "link": true
    },
    "node_modules/vue": {
      "resolved": "../../../node_modules/.pnpm/vue@3.5.22_typescript@5.9.3/node_modules/vue",
      "link": true
    },
    "node_modules/vue-tsc": {
      "resolved": "../../../node_modules/.pnpm/vue-tsc@3.1.1_typescript@5.9.3/node_modules/vue-tsc",
      "link": true
    }
  }
}
